{
  "name": "xatom-debug",
  "version": "1.6.11",
  "lockfileVersion": 1,
  "requires": true,
  "dependencies": {
    "@types/atom": {
      "version": "0.0.36",
      "resolved": "https://registry.npmjs.org/@types/atom/-/atom-0.0.36.tgz",
      "integrity": "sha1-PXmG+oaIx/OqdD08ku0EZ0mAUGI=",
      "dev": true,
      "requires": {
        "@types/emissary": "0.0.29",
        "@types/jquery": "3.2.9",
        "@types/pathwatcher": "0.0.32",
        "@types/q": "1.0.2",
        "@types/space-pen": "0.0.28",
        "@types/status-bar": "0.0.29",
        "@types/text-buffer": "0.0.31"
      }
    },
    "@types/emissary": {
      "version": "0.0.29",
      "resolved": "https://registry.npmjs.org/@types/emissary/-/emissary-0.0.29.tgz",
      "integrity": "sha1-86u3KkuuQh5l4/U548RV1XXza1E=",
      "dev": true,
      "requires": {
        "@types/mixto": "0.0.28"
      }
    },
    "@types/jquery": {
      "version": "3.2.9",
      "resolved": "https://registry.npmjs.org/@types/jquery/-/jquery-3.2.9.tgz",
      "integrity": "sha512-AmYGadmTv+Xh6re2CH5ruyvV3znvtJbhxyT00JQAGFP2U+xgqhf+C2xfjdP/GgK5d9YmSif/UYs2ssMl4gW6fw==",
      "dev": true
    },
    "@types/lodash": {
      "version": "4.14.74",
      "resolved": "https://registry.npmjs.org/@types/lodash/-/lodash-4.14.74.tgz",
      "integrity": "sha1-rDvY25iOf3A45dIr12p7oT+HYWg=",
      "dev": true
    },
    "@types/mixto": {
      "version": "0.0.28",
      "resolved": "https://registry.npmjs.org/@types/mixto/-/mixto-0.0.28.tgz",
      "integrity": "sha1-eiYJMtsHyh65M0Zt667AJm7Ie1E=",
      "dev": true
    },
    "@types/node": {
      "version": "7.0.43",
      "resolved": "https://registry.npmjs.org/@types/node/-/node-7.0.43.tgz",
      "integrity": "sha1-oYfghJWgdfIAypRgeckU4aX+liw=",
      "dev": true
    },
    "@types/pathwatcher": {
      "version": "0.0.32",
      "resolved": "https://registry.npmjs.org/@types/pathwatcher/-/pathwatcher-0.0.32.tgz",
      "integrity": "sha1-7asm+dRafyvFiFq4bZqh1G+G4AQ=",
      "dev": true,
      "requires": {
        "@types/node": "7.0.43",
        "@types/q": "0.0.35"
      },
      "dependencies": {
        "@types/q": {
          "version": "0.0.35",
          "resolved": "https://registry.npmjs.org/@types/q/-/q-0.0.35.tgz",
          "integrity": "sha512-Br6c/XFnnYBSOGKadEaXruA71rpUMxMzlSrGmhpoIEWrqRMI/yQjrY+0ORJi52m/JgkxRqatdBJ32fQ/95qtbw==",
          "dev": true
        }
      }
    },
    "@types/q": {
      "version": "1.0.2",
      "resolved": "https://registry.npmjs.org/@types/q/-/q-1.0.2.tgz",
      "integrity": "sha512-XupAeovvjZlY23uWY2BT62DgG5BxaHH+qTz8FQQZ0v/FXHcPy3nFIZMfw3fIBMqTGn+13SblIyBNiE8eTO7Ryw==",
      "dev": true
    },
    "@types/space-pen": {
      "version": "0.0.28",
      "resolved": "https://registry.npmjs.org/@types/space-pen/-/space-pen-0.0.28.tgz",
      "integrity": "sha1-n1EA6Bf6gfqKv6Nq+LzSf2/X3Fc=",
      "dev": true,
      "requires": {
        "@types/jquery": "3.2.9"
      }
    },
    "@types/status-bar": {
      "version": "0.0.29",
      "resolved": "https://registry.npmjs.org/@types/status-bar/-/status-bar-0.0.29.tgz",
      "integrity": "sha512-vS5dbVUvjnLjgwXUthh8xhivkBh5OJVmWI+fcyws+7kHT/DG+kWrcxwXZO0gx+bLkk27pNXPWq7g8maWdHUsiQ==",
      "dev": true,
      "requires": {
        "@types/space-pen": "0.0.28",
        "@types/text-buffer": "0.0.31"
      }
    },
    "@types/text-buffer": {
      "version": "0.0.31",
      "resolved": "https://registry.npmjs.org/@types/text-buffer/-/text-buffer-0.0.31.tgz",
      "integrity": "sha512-0JTwpPOJG4TyunlEI7YSoq7dv//gLeodfzvqTSLXf3UOafG7TLx9wZwNv7ivysFQ2zQRmeUw+cuD2iGADmMOyQ==",
      "dev": true,
      "requires": {
        "@types/atom": "0.0.36",
        "@types/emissary": "0.0.29"
      }
    },
    "abstract-leveldown": {
      "version": "2.6.2",
      "resolved": "https://registry.npmjs.org/abstract-leveldown/-/abstract-leveldown-2.6.2.tgz",
      "integrity": "sha1-43TCoPoDa4iCK8HFGUkRmxGYBZA=",
      "requires": {
        "xtend": "4.0.1"
      }
    },
    "ansi-regex": {
      "version": "2.1.1",
      "resolved": "https://registry.npmjs.org/ansi-regex/-/ansi-regex-2.1.1.tgz",
      "integrity": "sha1-w7M6te42DYbg5ijwRorn7yfWVN8="
    },
    "aproba": {
      "version": "1.1.2",
      "resolved": "https://registry.npmjs.org/aproba/-/aproba-1.1.2.tgz",
      "integrity": "sha1-RcZikJTeTpb2k+9+q3SuB5wkD8E="
    },
    "are-we-there-yet": {
      "version": "1.1.4",
      "resolved": "https://registry.npmjs.org/are-we-there-yet/-/are-we-there-yet-1.1.4.tgz",
      "integrity": "sha1-u13KOCu5TwXhUZQ3PRb9O6HKEQ0=",
      "requires": {
        "delegates": "1.0.0",
        "readable-stream": "2.3.3"
      },
      "dependencies": {
        "isarray": {
          "version": "1.0.0",
          "resolved": "https://registry.npmjs.org/isarray/-/isarray-1.0.0.tgz",
          "integrity": "sha1-u5NdSFgsuhaMBoNJV6VKPgcSTxE="
        },
        "readable-stream": {
          "version": "2.3.3",
          "resolved": "https://registry.npmjs.org/readable-stream/-/readable-stream-2.3.3.tgz",
          "integrity": "sha1-No8lEtefnUb9/HE0mueHi7weuVw=",
          "requires": {
            "core-util-is": "1.0.2",
            "inherits": "2.0.3",
            "isarray": "1.0.0",
            "process-nextick-args": "1.0.7",
            "safe-buffer": "5.1.1",
            "string_decoder": "1.0.3",
            "util-deprecate": "1.0.2"
          }
        },
        "string_decoder": {
          "version": "1.0.3",
          "resolved": "https://registry.npmjs.org/string_decoder/-/string_decoder-1.0.3.tgz",
          "integrity": "sha1-D8Z9fBQYJd6UKC3VNr7GubzoYKs=",
          "requires": {
            "safe-buffer": "5.1.1"
          }
        }
      }
    },
    "atom-package-deps": {
      "version": "4.6.0",
      "resolved": "https://registry.npmjs.org/atom-package-deps/-/atom-package-deps-4.6.0.tgz",
      "integrity": "sha1-u4PwqXZWO0i+TquJ58hjHD7shI0=",
      "requires": {
        "atom-package-path": "1.1.0",
        "sb-exec": "3.1.0",
        "sb-fs": "3.0.0",
        "semver": "5.4.1"
      }
    },
    "atom-package-path": {
      "version": "1.1.0",
      "resolved": "https://registry.npmjs.org/atom-package-path/-/atom-package-path-1.1.0.tgz",
      "integrity": "sha1-tR/tvADnyM5SI9DYA9t6P09pYU8=",
      "requires": {
        "sb-callsite": "1.1.2"
      }
    },
    "bindings": {
      "version": "1.2.1",
      "resolved": "https://registry.npmjs.org/bindings/-/bindings-1.2.1.tgz",
      "integrity": "sha1-FK1hE4EtLTfXLme0ystLtyZQXxE="
    },
    "bl": {
      "version": "1.2.1",
      "resolved": "https://registry.npmjs.org/bl/-/bl-1.2.1.tgz",
      "integrity": "sha1-ysMo977kVzDUBLaSID/LWQ4XLV4=",
      "requires": {
        "readable-stream": "2.3.3"
      },
      "dependencies": {
        "isarray": {
          "version": "1.0.0",
          "resolved": "https://registry.npmjs.org/isarray/-/isarray-1.0.0.tgz",
          "integrity": "sha1-u5NdSFgsuhaMBoNJV6VKPgcSTxE="
        },
        "readable-stream": {
          "version": "2.3.3",
          "resolved": "https://registry.npmjs.org/readable-stream/-/readable-stream-2.3.3.tgz",
          "integrity": "sha1-No8lEtefnUb9/HE0mueHi7weuVw=",
          "requires": {
            "core-util-is": "1.0.2",
            "inherits": "2.0.3",
            "isarray": "1.0.0",
            "process-nextick-args": "1.0.7",
            "safe-buffer": "5.1.1",
            "string_decoder": "1.0.3",
            "util-deprecate": "1.0.2"
          }
        },
        "string_decoder": {
          "version": "1.0.3",
          "resolved": "https://registry.npmjs.org/string_decoder/-/string_decoder-1.0.3.tgz",
          "integrity": "sha1-D8Z9fBQYJd6UKC3VNr7GubzoYKs=",
          "requires": {
            "safe-buffer": "5.1.1"
          }
        }
      }
    },
    "browser-fingerprint": {
      "version": "0.0.1",
      "resolved": "https://registry.npmjs.org/browser-fingerprint/-/browser-fingerprint-0.0.1.tgz",
      "integrity": "sha1-jfPNyiW/fVs1QtYVRdcwBT/OYEo="
    },
    "bytewise": {
      "version": "1.1.0",
      "resolved": "https://registry.npmjs.org/bytewise/-/bytewise-1.1.0.tgz",
      "integrity": "sha1-HRPL/3F65xWAlKqIGzXQgbOHJT4=",
      "requires": {
        "bytewise-core": "1.2.3",
        "typewise": "1.0.3"
      }
    },
    "bytewise-core": {
      "version": "1.2.3",
      "resolved": "https://registry.npmjs.org/bytewise-core/-/bytewise-core-1.2.3.tgz",
      "integrity": "sha1-P7QQx+kVWOsasiqCg0V3qmvWHUI=",
      "requires": {
        "typewise-core": "1.2.0"
      }
    },
    "chownr": {
      "version": "1.0.1",
      "resolved": "https://registry.npmjs.org/chownr/-/chownr-1.0.1.tgz",
      "integrity": "sha1-4qdQQqlVGQi+vSW4Uj1fl2nXkYE="
    },
    "code-point-at": {
      "version": "1.1.0",
      "resolved": "https://registry.npmjs.org/code-point-at/-/code-point-at-1.1.0.tgz",
      "integrity": "sha1-DQcLTQQ6W+ozovGkDi7bPZpMz3c="
    },
    "consistent-env": {
      "version": "1.3.1",
      "resolved": "https://registry.npmjs.org/consistent-env/-/consistent-env-1.3.1.tgz",
      "integrity": "sha1-9oI018afxt2WVviuI0Kc4EmbZfs=",
      "requires": {
        "lodash.uniq": "4.5.0"
      }
    },
    "console-control-strings": {
      "version": "1.1.0",
      "resolved": "https://registry.npmjs.org/console-control-strings/-/console-control-strings-1.1.0.tgz",
      "integrity": "sha1-PXz0Rk22RG6mRL9LOVB/mFEAjo4="
    },
    "core-js": {
      "version": "1.2.7",
      "resolved": "https://registry.npmjs.org/core-js/-/core-js-1.2.7.tgz",
      "integrity": "sha1-ZSKUwUZR2yj6k70tX/KYOk8IxjY="
    },
    "core-util-is": {
      "version": "1.0.2",
      "resolved": "https://registry.npmjs.org/core-util-is/-/core-util-is-1.0.2.tgz",
      "integrity": "sha1-tf1UIgqivFq1eqtxQMlAdUUDwac="
    },
    "cuid": {
      "version": "1.3.8",
      "resolved": "https://registry.npmjs.org/cuid/-/cuid-1.3.8.tgz",
      "integrity": "sha1-S4deCWm612T37AcGz0T1+wgx9rc=",
      "requires": {
        "browser-fingerprint": "0.0.1",
        "core-js": "1.2.7",
        "node-fingerprint": "0.0.2"
      }
    },
    "deep-extend": {
      "version": "0.4.2",
      "resolved": "https://registry.npmjs.org/deep-extend/-/deep-extend-0.4.2.tgz",
      "integrity": "sha1-SLaZwn4zS/ifEIkr5DL25MfTSn8="
    },
    "deferred-leveldown": {
      "version": "1.2.2",
      "resolved": "https://registry.npmjs.org/deferred-leveldown/-/deferred-leveldown-1.2.2.tgz",
      "integrity": "sha512-uukrWD2bguRtXilKt6cAWKyoXrTSMo5m7crUdLfWQmu8kIm88w3QZoUL+6nhpfKVmhHANER6Re3sKoNoZ3IKMA==",
      "requires": {
        "abstract-leveldown": "2.6.2"
      }
    },
    "delegates": {
      "version": "1.0.0",
      "resolved": "https://registry.npmjs.org/delegates/-/delegates-1.0.0.tgz",
      "integrity": "sha1-hMbhWbgZBP3KWaDvRM2HDTElD5o="
    },
    "end-of-stream": {
      "version": "1.4.0",
      "resolved": "https://registry.npmjs.org/end-of-stream/-/end-of-stream-1.4.0.tgz",
      "integrity": "sha1-epDYM+/abPpurA9JSduw+tOmMgY=",
      "requires": {
        "once": "1.4.0"
      }
    },
    "errno": {
      "version": "0.1.4",
      "resolved": "https://registry.npmjs.org/errno/-/errno-0.1.4.tgz",
      "integrity": "sha1-uJbiOp5ei6M4cfyZar02NfyaHH0=",
      "requires": {
        "prr": "0.0.0"
      },
      "dependencies": {
        "prr": {
          "version": "0.0.0",
          "resolved": "https://registry.npmjs.org/prr/-/prr-0.0.0.tgz",
          "integrity": "sha1-GoS4WQgyVQFBGFPQCB7j+obikmo="
        }
      }
    },
    "expand-template": {
      "version": "1.1.0",
      "resolved": "https://registry.npmjs.org/expand-template/-/expand-template-1.1.0.tgz",
      "integrity": "sha1-4J77qXe/mPnuDtJavQxpLgKuw/w="
    },
    "fast-future": {
      "version": "1.0.2",
      "resolved": "https://registry.npmjs.org/fast-future/-/fast-future-1.0.2.tgz",
      "integrity": "sha1-hDWpqqAteSSNF9cE52JZMB2ZKAo="
    },
    "gauge": {
      "version": "2.7.4",
      "resolved": "https://registry.npmjs.org/gauge/-/gauge-2.7.4.tgz",
      "integrity": "sha1-LANAXHU4w51+s3sxcCLjJfsBi/c=",
      "requires": {
        "aproba": "1.1.2",
        "console-control-strings": "1.1.0",
        "has-unicode": "2.0.1",
        "object-assign": "4.1.1",
        "signal-exit": "3.0.2",
        "string-width": "1.0.2",
        "strip-ansi": "3.0.1",
        "wide-align": "1.1.2"
      }
    },
    "github-from-package": {
      "version": "0.0.0",
      "resolved": "https://registry.npmjs.org/github-from-package/-/github-from-package-0.0.0.tgz",
      "integrity": "sha1-l/tdlr/eiXMxPyDoKI75oWf6ZM4="
    },
    "has-unicode": {
      "version": "2.0.1",
      "resolved": "https://registry.npmjs.org/has-unicode/-/has-unicode-2.0.1.tgz",
      "integrity": "sha1-4Ob+aijPUROIVeCG0Wkedx3iqLk="
    },
    "inherits": {
      "version": "2.0.3",
      "resolved": "https://registry.npmjs.org/inherits/-/inherits-2.0.3.tgz",
      "integrity": "sha1-Yzwsg+PaQqUC9SRmAiSA9CCCYd4="
    },
    "ini": {
      "version": "1.3.4",
      "resolved": "https://registry.npmjs.org/ini/-/ini-1.3.4.tgz",
      "integrity": "sha1-BTfLedr1m1mhpRff9wbIbsA5Fi4="
    },
    "is-fullwidth-code-point": {
      "version": "1.0.0",
      "resolved": "https://registry.npmjs.org/is-fullwidth-code-point/-/is-fullwidth-code-point-1.0.0.tgz",
      "integrity": "sha1-754xOG8DGn8NZDr4L95QxFfvAMs=",
      "requires": {
        "number-is-nan": "1.0.1"
      }
    },
    "is-utf8": {
      "version": "0.2.1",
      "resolved": "https://registry.npmjs.org/is-utf8/-/is-utf8-0.2.1.tgz",
      "integrity": "sha1-Sw2hRCEE0bM2NA6AeX6GXPOffXI="
    },
    "isarray": {
      "version": "0.0.1",
      "resolved": "https://registry.npmjs.org/isarray/-/isarray-0.0.1.tgz",
      "integrity": "sha1-ihis/Kmo9Bd+Cav8YDiTmwXR7t8="
    },
    "level": {
      "version": "1.7.0",
      "resolved": "https://registry.npmjs.org/level/-/level-1.7.0.tgz",
      "integrity": "sha1-Q0ZKOounOy895WokKSgFFG2iE6E=",
      "requires": {
        "level-packager": "1.2.1",
        "leveldown": "1.7.2"
      }
    },
    "level-codec": {
      "version": "7.0.1",
      "resolved": "https://registry.npmjs.org/level-codec/-/level-codec-7.0.1.tgz",
      "integrity": "sha512-Ua/R9B9r3RasXdRmOtd+t9TCOEIIlts+TN/7XTT2unhDaL6sJn83S3rUyljbr6lVtw49N3/yA0HHjpV6Kzb2aQ=="
    },
    "level-errors": {
      "version": "1.0.5",
      "resolved": "https://registry.npmjs.org/level-errors/-/level-errors-1.0.5.tgz",
      "integrity": "sha512-/cLUpQduF6bNrWuAC4pwtUKA5t669pCsCi2XbmojG2tFeOr9j6ShtdDCtFFQO1DRt+EVZhx9gPzP9G2bUaG4ig==",
      "requires": {
        "errno": "0.1.4"
      }
    },
    "level-iterator-stream": {
      "version": "1.3.1",
      "resolved": "https://registry.npmjs.org/level-iterator-stream/-/level-iterator-stream-1.3.1.tgz",
      "integrity": "sha1-5Dt4sagUPm+pek9IXrjqUwNS8u0=",
      "requires": {
        "inherits": "2.0.3",
        "level-errors": "1.0.5",
        "readable-stream": "1.1.14",
        "xtend": "4.0.1"
      }
    },
    "level-packager": {
      "version": "1.2.1",
      "resolved": "https://registry.npmjs.org/level-packager/-/level-packager-1.2.1.tgz",
      "integrity": "sha1-Bn/t/Qcrf+PGvsYIDAy9SmsuEfQ=",
      "requires": {
        "levelup": "1.3.9"
      }
    },
    "level-post": {
      "version": "1.0.5",
      "resolved": "https://registry.npmjs.org/level-post/-/level-post-1.0.5.tgz",
      "integrity": "sha1-KmY5BAm/ahYhpES6tvAWREzJgCw=",
      "requires": {
        "ltgt": "2.1.3"
      }
    },
    "level-sublevel": {
      "version": "6.6.1",
      "resolved": "https://registry.npmjs.org/level-sublevel/-/level-sublevel-6.6.1.tgz",
      "integrity": "sha1-+ad/dSGrcKj46S7VbyGjx4hqRIU=",
      "requires": {
        "bytewise": "1.1.0",
        "levelup": "0.19.1",
        "ltgt": "2.1.3",
        "pull-level": "2.0.3",
        "pull-stream": "3.6.0",
        "typewiselite": "1.0.0",
        "xtend": "4.0.1"
      },
      "dependencies": {
        "abstract-leveldown": {
          "version": "0.12.4",
          "resolved": "https://registry.npmjs.org/abstract-leveldown/-/abstract-leveldown-0.12.4.tgz",
          "integrity": "sha1-KeGOYy5g5OIh1YECR4UqY9ey5BA=",
          "requires": {
            "xtend": "3.0.0"
          },
          "dependencies": {
            "xtend": {
              "version": "3.0.0",
              "resolved": "https://registry.npmjs.org/xtend/-/xtend-3.0.0.tgz",
              "integrity": "sha1-XM50B7r2Qsunvs2laBEcST9ZZlo="
            }
          }
        },
        "bl": {
          "version": "0.8.2",
          "resolved": "https://registry.npmjs.org/bl/-/bl-0.8.2.tgz",
          "integrity": "sha1-yba8oI0bwuoA/Ir7Txpf0eHGbk4=",
          "requires": {
            "readable-stream": "1.0.34"
          }
        },
        "deferred-leveldown": {
          "version": "0.2.0",
          "resolved": "https://registry.npmjs.org/deferred-leveldown/-/deferred-leveldown-0.2.0.tgz",
          "integrity": "sha1-LO8fER4cV4cNi7uK8mUOWHzS9bQ=",
          "requires": {
            "abstract-leveldown": "0.12.4"
          }
        },
        "levelup": {
          "version": "0.19.1",
          "resolved": "https://registry.npmjs.org/levelup/-/levelup-0.19.1.tgz",
          "integrity": "sha1-86anIFJyxLXzXkEv8ASgOgrt9Qs=",
          "requires": {
            "bl": "0.8.2",
            "deferred-leveldown": "0.2.0",
            "errno": "0.1.4",
            "prr": "0.0.0",
            "readable-stream": "1.0.34",
            "semver": "5.1.1",
            "xtend": "3.0.0"
          },
          "dependencies": {
            "xtend": {
              "version": "3.0.0",
              "resolved": "https://registry.npmjs.org/xtend/-/xtend-3.0.0.tgz",
              "integrity": "sha1-XM50B7r2Qsunvs2laBEcST9ZZlo="
            }
          }
        },
        "prr": {
          "version": "0.0.0",
          "resolved": "https://registry.npmjs.org/prr/-/prr-0.0.0.tgz",
          "integrity": "sha1-GoS4WQgyVQFBGFPQCB7j+obikmo="
        },
        "readable-stream": {
          "version": "1.0.34",
          "resolved": "https://registry.npmjs.org/readable-stream/-/readable-stream-1.0.34.tgz",
          "integrity": "sha1-Elgg40vIQtLyqq+v5MKRbuMsFXw=",
          "requires": {
            "core-util-is": "1.0.2",
            "inherits": "2.0.3",
            "isarray": "0.0.1",
            "string_decoder": "0.10.31"
          }
        },
        "semver": {
          "version": "5.1.1",
          "resolved": "https://registry.npmjs.org/semver/-/semver-5.1.1.tgz",
          "integrity": "sha1-oykqNz5vPgeY2gsgZBuanFvEfhk="
        }
      }
    },
    "leveldown": {
      "version": "1.7.2",
      "resolved": "https://registry.npmjs.org/leveldown/-/leveldown-1.7.2.tgz",
      "integrity": "sha1-XjRnuyfuJGpKe429j7KxYgam64s=",
      "requires": {
        "abstract-leveldown": "2.6.2",
        "bindings": "1.2.1",
        "fast-future": "1.0.2",
        "nan": "2.6.2",
        "prebuild-install": "2.2.2"
      },
      "dependencies": {
        "nan": {
          "version": "2.6.2",
          "resolved": "https://registry.npmjs.org/nan/-/nan-2.6.2.tgz",
          "integrity": "sha1-5P805slf37WuzAjeZZb0NgWn20U="
        }
      }
    },
    "levelup": {
      "version": "1.3.9",
      "resolved": "https://registry.npmjs.org/levelup/-/levelup-1.3.9.tgz",
      "integrity": "sha512-VVGHfKIlmw8w1XqpGOAGwq6sZm2WwWLmlDcULkKWQXEA5EopA8OBNJ2Ck2v6bdk8HeEZSbCSEgzXadyQFm76sQ==",
      "requires": {
        "deferred-leveldown": "1.2.2",
        "level-codec": "7.0.1",
        "level-errors": "1.0.5",
        "level-iterator-stream": "1.3.1",
        "prr": "1.0.1",
        "semver": "5.4.1",
        "xtend": "4.0.1"
      }
    },
    "lodash": {
      "version": "4.17.4",
      "resolved": "https://registry.npmjs.org/lodash/-/lodash-4.17.4.tgz",
      "integrity": "sha1-eCA6TRwyiuHYbcpkYONptX9AVa4="
    },
    "lodash.uniq": {
      "version": "4.5.0",
      "resolved": "https://registry.npmjs.org/lodash.uniq/-/lodash.uniq-4.5.0.tgz",
      "integrity": "sha1-0CJTc662Uq3BvILklFM5qEJ1R3M="
    },
    "looper": {
      "version": "2.0.0",
      "resolved": "https://registry.npmjs.org/looper/-/looper-2.0.0.tgz",
      "integrity": "sha1-Zs0Md0rz1P7axTeU90LbVtqPCew="
    },
    "ltgt": {
      "version": "2.1.3",
      "resolved": "https://registry.npmjs.org/ltgt/-/ltgt-2.1.3.tgz",
      "integrity": "sha1-EIUaBtmWS5cReEQcI8nlJpjuzjQ="
    },
    "minimist": {
      "version": "1.2.0",
      "resolved": "https://registry.npmjs.org/minimist/-/minimist-1.2.0.tgz",
      "integrity": "sha1-o1AIsg9BOD7sH7kU9M1d95omQoQ="
    },
    "mkdirp": {
      "version": "0.5.1",
      "resolved": "https://registry.npmjs.org/mkdirp/-/mkdirp-0.5.1.tgz",
      "integrity": "sha1-MAV0OOrGz3+MR2fzhkjWaX11yQM=",
      "requires": {
        "minimist": "0.0.8"
      },
      "dependencies": {
        "minimist": {
          "version": "0.0.8",
          "resolved": "https://registry.npmjs.org/minimist/-/minimist-0.0.8.tgz",
          "integrity": "sha1-hX/Kv8M5fSYluCKCYuhqp6ARsF0="
        }
      }
    },
    "nan": {
      "version": "2.7.0",
      "resolved": "https://registry.npmjs.org/nan/-/nan-2.7.0.tgz",
      "integrity": "sha1-2Vv3IeyHfgjbJ27T/G63j5CDrUY="
    },
    "node-abi": {
      "version": "2.1.1",
      "resolved": "https://registry.npmjs.org/node-abi/-/node-abi-2.1.1.tgz",
      "integrity": "sha1-yc2iVuyKqZvKsvZEbbOK8UMziyo="
    },
    "node-fingerprint": {
      "version": "0.0.2",
      "resolved": "https://registry.npmjs.org/node-fingerprint/-/node-fingerprint-0.0.2.tgz",
      "integrity": "sha1-Mcur63GmeufdWn3AQuUcPHWGhQE="
    },
    "node-pty": {
      "version": "0.7.0",
      "resolved": "https://registry.npmjs.org/node-pty/-/node-pty-0.7.0.tgz",
      "integrity": "sha1-mTA4aS06KSGBGhUmWPx9whEyOsI=",
      "requires": {
        "nan": "2.7.0"
      }
    },
    "noop-logger": {
      "version": "0.1.1",
      "resolved": "https://registry.npmjs.org/noop-logger/-/noop-logger-0.1.1.tgz",
      "integrity": "sha1-lKKxYzxPExdVMAfYlm/Q6EG2pMI="
    },
    "npmlog": {
      "version": "4.1.2",
      "resolved": "https://registry.npmjs.org/npmlog/-/npmlog-4.1.2.tgz",
      "integrity": "sha1-CKfyqL9zRgR3mp76StXMcXq7lUs=",
      "requires": {
        "are-we-there-yet": "1.1.4",
        "console-control-strings": "1.1.0",
        "gauge": "2.7.4",
        "set-blocking": "2.0.0"
      }
    },
    "number-is-nan": {
      "version": "1.0.1",
      "resolved": "https://registry.npmjs.org/number-is-nan/-/number-is-nan-1.0.1.tgz",
      "integrity": "sha1-CXtgK1NCKlIsGvuHkDGDNpQaAR0="
    },
    "object-assign": {
      "version": "4.1.1",
      "resolved": "https://registry.npmjs.org/object-assign/-/object-assign-4.1.1.tgz",
      "integrity": "sha1-IQmtx5ZYh8/AXLvUQsrIv7s2CGM="
    },
    "once": {
      "version": "1.4.0",
      "resolved": "https://registry.npmjs.org/once/-/once-1.4.0.tgz",
      "integrity": "sha1-WDsap3WWHUsROsF9nFC6753Xa9E=",
      "requires": {
        "wrappy": "1.0.2"
      }
    },
    "os-homedir": {
      "version": "1.0.2",
      "resolved": "https://registry.npmjs.org/os-homedir/-/os-homedir-1.0.2.tgz",
      "integrity": "sha1-/7xJiDNuDoM94MFox+8VISGqf7M="
    },
    "prebuild-install": {
      "version": "2.2.2",
      "resolved": "https://registry.npmjs.org/prebuild-install/-/prebuild-install-2.2.2.tgz",
      "integrity": "sha1-3UfE1h83VPsXu/YBdZ5ZIuFuBnE=",
      "requires": {
        "expand-template": "1.1.0",
        "github-from-package": "0.0.0",
        "minimist": "1.2.0",
        "mkdirp": "0.5.1",
        "node-abi": "2.1.1",
        "noop-logger": "0.1.1",
        "npmlog": "4.1.2",
        "os-homedir": "1.0.2",
        "pump": "1.0.2",
        "rc": "1.2.1",
        "simple-get": "1.4.3",
        "tar-fs": "1.15.3",
        "tunnel-agent": "0.6.0",
        "xtend": "4.0.1"
      }
    },
    "process-nextick-args": {
      "version": "1.0.7",
      "resolved": "https://registry.npmjs.org/process-nextick-args/-/process-nextick-args-1.0.7.tgz",
      "integrity": "sha1-FQ4gt1ZZCtP5EJPyWk8q2L/zC6M="
    },
    "prr": {
      "version": "1.0.1",
      "resolved": "https://registry.npmjs.org/prr/-/prr-1.0.1.tgz",
      "integrity": "sha1-0/wRS6BplaRexok/SEzrHXj19HY="
    },
    "pull-cat": {
      "version": "1.1.11",
      "resolved": "https://registry.npmjs.org/pull-cat/-/pull-cat-1.1.11.tgz",
      "integrity": "sha1-tkLdElXaN2pwa220+pYvX9t0wxs="
    },
    "pull-level": {
      "version": "2.0.3",
      "resolved": "https://registry.npmjs.org/pull-level/-/pull-level-2.0.3.tgz",
      "integrity": "sha1-lQBjXiV5Rdb+7eGF9deiR3NFWxc=",
      "requires": {
        "level-post": "1.0.5",
        "pull-cat": "1.1.11",
        "pull-live": "1.0.1",
        "pull-pushable": "2.1.1",
        "pull-stream": "3.6.0",
        "pull-window": "2.1.4",
        "stream-to-pull-stream": "1.7.2"
      }
    },
    "pull-live": {
      "version": "1.0.1",
      "resolved": "https://registry.npmjs.org/pull-live/-/pull-live-1.0.1.tgz",
      "integrity": "sha1-pOzuAeMwFV6RJLu89HYfIbOPUfU=",
      "requires": {
        "pull-cat": "1.1.11",
        "pull-stream": "3.6.0"
      }
    },
    "pull-pushable": {
      "version": "2.1.1",
      "resolved": "https://registry.npmjs.org/pull-pushable/-/pull-pushable-2.1.1.tgz",
      "integrity": "sha1-hmZqu+P1QC8ffq0D7v1pt4Xspbg="
    },
    "pull-stream": {
      "version": "3.6.0",
      "resolved": "https://registry.npmjs.org/pull-stream/-/pull-stream-3.6.0.tgz",
      "integrity": "sha1-WdAzpoFdTjCX1Hw9KxiTqeWKI1E="
    },
    "pull-window": {
      "version": "2.1.4",
      "resolved": "https://registry.npmjs.org/pull-window/-/pull-window-2.1.4.tgz",
      "integrity": "sha1-/DuG/uvRkgx64pdpHiP3BfiFUvA=",
      "requires": {
        "looper": "2.0.0"
      }
    },
    "pump": {
      "version": "1.0.2",
      "resolved": "https://registry.npmjs.org/pump/-/pump-1.0.2.tgz",
      "integrity": "sha1-Oz7mUS+U8OV1U4wXmV+fFpkKXVE=",
      "requires": {
        "end-of-stream": "1.4.0",
        "once": "1.4.0"
      }
    },
    "rc": {
      "version": "1.2.1",
      "resolved": "https://registry.npmjs.org/rc/-/rc-1.2.1.tgz",
      "integrity": "sha1-LgPo5C7kULjLPc5lvhv4l04d/ZU=",
      "requires": {
        "deep-extend": "0.4.2",
        "ini": "1.3.4",
        "minimist": "1.2.0",
        "strip-json-comments": "2.0.1"
      }
    },
    "readable-stream": {
      "version": "1.1.14",
      "resolved": "https://registry.npmjs.org/readable-stream/-/readable-stream-1.1.14.tgz",
      "integrity": "sha1-fPTFTvZI44EwhMY23SB54WbAgdk=",
      "requires": {
        "core-util-is": "1.0.2",
        "inherits": "2.0.3",
        "isarray": "0.0.1",
        "string_decoder": "0.10.31"
      }
    },
    "reflect-metadata": {
      "version": "0.1.10",
      "resolved": "https://registry.npmjs.org/reflect-metadata/-/reflect-metadata-0.1.10.tgz",
      "integrity": "sha1-tPg3BEFqytiZiMmxVjXUfgO5NEo=",
      "dev": true
    },
    "resize-observer-polyfill": {
      "version": "1.4.2",
      "resolved": "https://registry.npmjs.org/resize-observer-polyfill/-/resize-observer-polyfill-1.4.2.tgz",
      "integrity": "sha1-o3GY5iCeiIrLFTKplo4G04tniOU="
    },
    "safe-buffer": {
      "version": "5.1.1",
      "resolved": "https://registry.npmjs.org/safe-buffer/-/safe-buffer-5.1.1.tgz",
      "integrity": "sha1-iTMSr2myEj3vcfV4iQAWce6yyFM="
    },
    "sb-callsite": {
      "version": "1.1.2",
      "resolved": "https://registry.npmjs.org/sb-callsite/-/sb-callsite-1.1.2.tgz",
      "integrity": "sha1-KBkftm1k46PukghKlakPy1ECJDs="
    },
    "sb-exec": {
      "version": "3.1.0",
      "resolved": "https://registry.npmjs.org/sb-exec/-/sb-exec-3.1.0.tgz",
      "integrity": "sha1-NMxlCIoRZ1Lrcg/d7/ZtLC6V7FE=",
      "requires": {
        "consistent-env": "1.3.1",
        "lodash.uniq": "4.5.0",
        "sb-npm-path": "2.0.0"
      }
    },
    "sb-fs": {
      "version": "3.0.0",
      "resolved": "https://registry.npmjs.org/sb-fs/-/sb-fs-3.0.0.tgz",
      "integrity": "sha1-+9zdMBDoChuOJ0kM7zNgZJdCA7g=",
      "requires": {
        "sb-promisify": "2.0.2",
        "strip-bom-buf": "1.0.0"
      }
    },
    "sb-memoize": {
      "version": "1.0.2",
      "resolved": "https://registry.npmjs.org/sb-memoize/-/sb-memoize-1.0.2.tgz",
      "integrity": "sha1-EoN1xi3bnMT/qQXQxaWXwZuurY4="
    },
    "sb-npm-path": {
      "version": "2.0.0",
      "resolved": "https://registry.npmjs.org/sb-npm-path/-/sb-npm-path-2.0.0.tgz",
      "integrity": "sha1-D2zCzzcd68p9k27Xa31MPMHrPVg=",
      "requires": {
        "sb-memoize": "1.0.2",
        "sb-promisify": "2.0.2"
      }
    },
    "sb-promisify": {
      "version": "2.0.2",
      "resolved": "https://registry.npmjs.org/sb-promisify/-/sb-promisify-2.0.2.tgz",
      "integrity": "sha1-QnelR1RIiqlnXYhuNU24lMm9yYE="
    },
    "semver": {
      "version": "5.4.1",
      "resolved": "https://registry.npmjs.org/semver/-/semver-5.4.1.tgz",
      "integrity": "sha1-4FnAnYVx8FQII3M0M1BdOi8AsY4="
    },
    "set-blocking": {
      "version": "2.0.0",
      "resolved": "https://registry.npmjs.org/set-blocking/-/set-blocking-2.0.0.tgz",
      "integrity": "sha1-BF+XgtARrppoA93TgrJDkrPYkPc="
    },
    "signal-exit": {
      "version": "3.0.2",
      "resolved": "https://registry.npmjs.org/signal-exit/-/signal-exit-3.0.2.tgz",
      "integrity": "sha1-tf3AjxKH6hF4Yo5BXiUTK3NkbG0="
    },
    "simple-get": {
      "version": "1.4.3",
      "resolved": "https://registry.npmjs.org/simple-get/-/simple-get-1.4.3.tgz",
      "integrity": "sha1-6XVe2kB+ltpAxeUVjJ6jezO+y+s=",
      "requires": {
        "once": "1.4.0",
        "unzip-response": "1.0.2",
        "xtend": "4.0.1"
      }
    },
    "stream-to-pull-stream": {
      "version": "1.7.2",
      "resolved": "https://registry.npmjs.org/stream-to-pull-stream/-/stream-to-pull-stream-1.7.2.tgz",
      "integrity": "sha1-dXYJrhzr0zx0MtSvvjH/eGULnd4=",
      "requires": {
        "looper": "3.0.0",
        "pull-stream": "3.6.0"
      },
      "dependencies": {
        "looper": {
          "version": "3.0.0",
          "resolved": "https://registry.npmjs.org/looper/-/looper-3.0.0.tgz",
          "integrity": "sha1-LvpUw7HLq6m5Su4uWRSwvlf7t0k="
        }
      }
    },
    "string_decoder": {
      "version": "0.10.31",
      "resolved": "https://registry.npmjs.org/string_decoder/-/string_decoder-0.10.31.tgz",
      "integrity": "sha1-YuIDvEF2bGwoyfyEMB2rHFMQ+pQ="
    },
    "string-width": {
      "version": "1.0.2",
      "resolved": "https://registry.npmjs.org/string-width/-/string-width-1.0.2.tgz",
      "integrity": "sha1-EYvfW4zcUaKn5w0hHgfisLmxB9M=",
      "requires": {
        "code-point-at": "1.1.0",
        "is-fullwidth-code-point": "1.0.0",
        "strip-ansi": "3.0.1"
      }
    },
    "strip-ansi": {
      "version": "3.0.1",
      "resolved": "https://registry.npmjs.org/strip-ansi/-/strip-ansi-3.0.1.tgz",
      "integrity": "sha1-ajhfuIU9lS1f8F0Oiq+UJ43GPc8=",
      "requires": {
        "ansi-regex": "2.1.1"
      }
    },
    "strip-bom-buf": {
      "version": "1.0.0",
      "resolved": "https://registry.npmjs.org/strip-bom-buf/-/strip-bom-buf-1.0.0.tgz",
      "integrity": "sha1-HLRar1dTD0yvhsf3UXnSyaUd1XI=",
      "requires": {
        "is-utf8": "0.2.1"
      }
    },
    "strip-json-comments": {
      "version": "2.0.1",
      "resolved": "https://registry.npmjs.org/strip-json-comments/-/strip-json-comments-2.0.1.tgz",
      "integrity": "sha1-PFMZQukIwml8DsNEhYwobHygpgo="
    },
    "tar-fs": {
      "version": "1.15.3",
      "resolved": "https://registry.npmjs.org/tar-fs/-/tar-fs-1.15.3.tgz",
      "integrity": "sha1-7M+TXpQUk9gVECjmNuUc5MPKfyA=",
      "requires": {
        "chownr": "1.0.1",
        "mkdirp": "0.5.1",
        "pump": "1.0.2",
        "tar-stream": "1.5.4"
      }
    },
    "tar-stream": {
      "version": "1.5.4",
      "resolved": "https://registry.npmjs.org/tar-stream/-/tar-stream-1.5.4.tgz",
      "integrity": "sha1-NlSc8E7RrumyowwBQyUiONr5QBY=",
      "requires": {
        "bl": "1.2.1",
        "end-of-stream": "1.4.0",
        "readable-stream": "2.3.3",
        "xtend": "4.0.1"
      },
      "dependencies": {
        "isarray": {
          "version": "1.0.0",
          "resolved": "https://registry.npmjs.org/isarray/-/isarray-1.0.0.tgz",
          "integrity": "sha1-u5NdSFgsuhaMBoNJV6VKPgcSTxE="
        },
        "readable-stream": {
          "version": "2.3.3",
          "resolved": "https://registry.npmjs.org/readable-stream/-/readable-stream-2.3.3.tgz",
          "integrity": "sha1-No8lEtefnUb9/HE0mueHi7weuVw=",
          "requires": {
            "core-util-is": "1.0.2",
            "inherits": "2.0.3",
            "isarray": "1.0.0",
            "process-nextick-args": "1.0.7",
            "safe-buffer": "5.1.1",
            "string_decoder": "1.0.3",
            "util-deprecate": "1.0.2"
          }
        },
        "string_decoder": {
          "version": "1.0.3",
          "resolved": "https://registry.npmjs.org/string_decoder/-/string_decoder-1.0.3.tgz",
          "integrity": "sha1-D8Z9fBQYJd6UKC3VNr7GubzoYKs=",
          "requires": {
            "safe-buffer": "5.1.1"
          }
        }
      }
    },
    "tunnel-agent": {
      "version": "0.6.0",
      "resolved": "https://registry.npmjs.org/tunnel-agent/-/tunnel-agent-0.6.0.tgz",
      "integrity": "sha1-J6XeoGs2sEoKmWZ3SykIaPD8QP0=",
      "requires": {
        "safe-buffer": "5.1.1"
      }
    },
    "typescript": {
      "version": "2.5.2",
      "resolved": "https://registry.npmjs.org/typescript/-/typescript-2.5.2.tgz",
      "integrity": "sha1-A4qV99m7tCCxvzW6MdTFwd0//jQ=",
      "dev": true
    },
    "typewise": {
      "version": "1.0.3",
      "resolved": "https://registry.npmjs.org/typewise/-/typewise-1.0.3.tgz",
      "integrity": "sha1-EGeTZUCvl5N8xdz5kiSG6fooRlE=",
      "requires": {
        "typewise-core": "1.2.0"
      }
    },
    "typewise-core": {
      "version": "1.2.0",
      "resolved": "https://registry.npmjs.org/typewise-core/-/typewise-core-1.2.0.tgz",
      "integrity": "sha1-l+uRgFx/VdL5QXSPpQ0xXZke8ZU="
    },
    "typewiselite": {
      "version": "1.0.0",
      "resolved": "https://registry.npmjs.org/typewiselite/-/typewiselite-1.0.0.tgz",
      "integrity": "sha1-yIgvobsQksBgBal/NO9chQjjZk4="
    },
    "unzip-response": {
      "version": "1.0.2",
      "resolved": "https://registry.npmjs.org/unzip-response/-/unzip-response-1.0.2.tgz",
      "integrity": "sha1-uYTwh3/AqJwsdzzB73tbIytbBv4="
    },
    "util-deprecate": {
      "version": "1.0.2",
      "resolved": "https://registry.npmjs.org/util-deprecate/-/util-deprecate-1.0.2.tgz",
      "integrity": "sha1-RQ1Nyfpw3nMnYvvS1KKJgUGaDM8="
    },
    "wide-align": {
      "version": "1.1.2",
      "resolved": "https://registry.npmjs.org/wide-align/-/wide-align-1.1.2.tgz",
      "integrity": "sha1-Vx4PGwYEY268DfwhsDObvjE0FxA=",
      "requires": {
        "string-width": "1.0.2"
      }
    },
    "wrappy": {
      "version": "1.0.2",
      "resolved": "https://registry.npmjs.org/wrappy/-/wrappy-1.0.2.tgz",
      "integrity": "sha1-tSQ9jz7BqjXxNkYFvA0QNuMKtp8="
    },
    "xtend": {
      "version": "4.0.1",
      "resolved": "https://registry.npmjs.org/xtend/-/xtend-4.0.1.tgz",
      "integrity": "sha1-pcbVMr5lbiPbgg77lDofBJmNY68="
    },
    "xterm": {
      "version": "2.9.2",
      "resolved": "https://registry.npmjs.org/xterm/-/xterm-2.9.2.tgz",
      "integrity": "sha1-7D58Y2umevSnAmviz/e98I5WQAo="
    }
  }
}
